
Microsoft Visual Studio Solution File, Format Version 12.00
# Visual Studio Version 17
VisualStudioVersion = 17.3.32825.248
MinimumVisualStudioVersion = 10.0.40219.1
Project("{FAE04EC0-301F-11D3-BF4B-00C04F79EFBC}") = "35-2_Ayrapetov_NN", "35-2_Ayrapetov_NN\35-2_Ayrapetov_NN.csproj", "{09177B56-A537-4C66-836E-446FA574CB98}"
EndProject
Global
	GlobalSection(SolutionConfigurationPlatforms) = preSolution
		Debug|Any CPU = Debug|Any CPU
		Release|Any CPU = Release|Any CPU
	EndGlobalSection
	GlobalSection(ProjectConfigurationPlatforms) = postSolution
		{09177B56-A537-4C66-836E-446FA574CB98}.Debug|Any CPU.ActiveCfg = Debug|Any CPU
		{09177B56-A537-4C66-836E-446FA574CB98}.Debug|Any CPU.Build.0 = Debug|Any CPU
		{09177B56-A537-4C66-836E-446FA574CB98}.Release|Any CPU.ActiveCfg = Release|Any CPU
		{09177B56-A537-4C66-836E-446FA574CB98}.Release|Any CPU.Build.0 = Release|Any CPU
	EndGlobalSection
	GlobalSection(SolutionProperties) = preSolution
		HideSolutionNode = FALSE
	EndGlobalSection
	GlobalSection(ExtensibilityGlobals) = postSolution
		SolutionGuid = {B4038607-1067-408D-8570-7A39DAA1E586}
	EndGlobalSection
EndGlobal
